// !$*UTF8*$!
{
	archiveVersion = 1;
	classes = {
	};
	objectVersion = 56;
	objects = {

/* Begin PBXBuildFile section */
		C0593FF528FC29210083D786 /* AppDelegate.swift in Sources */ = {isa = PBXBuildFile; fileRef = C0593FF428FC29210083D786 /* AppDelegate.swift */; };
		C0593FF728FC29210083D786 /* SceneDelegate.swift in Sources */ = {isa = PBXBuildFile; fileRef = C0593FF628FC29210083D786 /* SceneDelegate.swift */; };
		C0593FF928FC29210083D786 /* ViewController.swift in Sources */ = {isa = PBXBuildFile; fileRef = C0593FF828FC29210083D786 /* ViewController.swift */; };
		C0593FFC28FC29210083D786 /* Main.storyboard in Resources */ = {isa = PBXBuildFile; fileRef = C0593FFA28FC29210083D786 /* Main.storyboard */; };
		C0593FFE28FC29220083D786 /* Assets.xcassets in Resources */ = {isa = PBXBuildFile; fileRef = C0593FFD28FC29220083D786 /* Assets.xcassets */; };
		C059400128FC29220083D786 /* LaunchScreen.storyboard in Resources */ = {isa = PBXBuildFile; fileRef = C0593FFF28FC29220083D786 /* LaunchScreen.storyboard */; };
		C059400928FC2B3C0083D786 /* Tela02VC.swift in Sources */ = {isa = PBXBuildFile; fileRef = C059400828FC2B3C0083D786 /* Tela02VC.swift */; };
		C059400B28FC2B480083D786 /* Tela02VC.storyboard in Resources */ = {isa = PBXBuildFile; fileRef = C059400A28FC2B480083D786 /* Tela02VC.storyboard */; };
/* End PBXBuildFile section */

/* Begin PBXFileReference section */
		C0593FF128FC29210083D786 /* TrasicaoDeDadosEntreTelas.app */ = {isa = PBXFileReference; explicitFileType = wrapper.application; includeInIndex = 0; path = TrasicaoDeDadosEntreTelas.app; sourceTree = BUILT_PRODUCTS_DIR; };
		C0593FF428FC29210083D786 /* AppDelegate.swift */ = {isa = PBXFileReference; lastKnownFileType = sourcecode.swift; path = AppDelegate.swift; sourceTree = "<group>"; };
		C0593FF628FC29210083D786 /* SceneDelegate.swift */ = {isa = PBXFileReference; lastKnownFileType = sourcecode.swift; path = SceneDelegate.swift; sourceTree = "<group>"; };
		C0593FF828FC29210083D786 /* ViewController.swift */ = {isa = PBXFileReference; lastKnownFileType = sourcecode.swift; path = ViewController.swift; sourceTree = "<group>"; };
		C0593FFB28FC29210083D786 /* Base */ = {isa = PBXFileReference; lastKnownFileType = file.storyboard; name = Base; path = Base.lproj/Main.storyboard; sourceTree = "<group>"; };
		C0593FFD28FC29220083D786 /* Assets.xcassets */ = {isa = PBXFileReference; lastKnownFileType = folder.assetcatalog; path = Assets.xcassets; sourceTree = "<group>"; };
		C059400028FC29220083D786 /* Base */ = {isa = PBXFileReference; lastKnownFileType = file.storyboard; name = Base; path = Base.lproj/LaunchScreen.storyboard; sourceTree = "<group>"; };
		C059400228FC29220083D786 /* Info.plist */ = {isa = PBXFileReference; lastKnownFileType = text.plist.xml; path = Info.plist; sourceTree = "<group>"; };
		C059400828FC2B3C0083D786 /* Tela02VC.swift */ = {isa = PBXFileReference; lastKnownFileType = sourcecode.swift; path = Tela02VC.swift; sourceTree = "<group>"; };
		C059400A28FC2B480083D786 /* Tela02VC.storyboard */ = {isa = PBXFileReference; lastKnownFileType = file.storyboard; path = Tela02VC.storyboard; sourceTree = "<group>"; };
/* End PBXFileReference section */

/* Begin PBXFrameworksBuildPhase section */
		C0593FEE28FC29210083D786 /* Frameworks */ = {
			isa = PBXFrameworksBuildPhase;
			buildActionMask = 2147483647;
			files = (
			);
			runOnlyForDeploymentPostprocessing = 0;
		};
/* End PBXFrameworksBuildPhase section */

/* Begin PBXGroup section */
		C0593FE828FC29210083D786 = {
			isa = PBXGroup;
			children = (
				C0593FF328FC29210083D786 /* TrasicaoDeDadosEntreTelas */,
				C0593FF228FC29210083D786 /* Products */,
			);
			sourceTree = "<group>";
		};
		C0593FF228FC29210083D786 /* Products */ = {
			isa = PBXGroup;
			children = (
				C0593FF128FC29210083D786 /* TrasicaoDeDadosEntreTelas.app */,
			);
			name = Products;
			sourceTree = "<group>";
		};
		C0593FF328FC29210083D786 /* TrasicaoDeDadosEntreTelas */ = {
			isa = PBXGroup;
			children = (
				C059400D28FC2E700083D786 /* Tela01 */,
				C059400C28FC2E5E0083D786 /* Tela02 */,
				C0593FF428FC29210083D786 /* AppDelegate.swift */,
				C0593FF628FC29210083D786 /* SceneDelegate.swift */,
				C0593FFD28FC29220083D786 /* Assets.xcassets */,
				C0593FFF28FC29220083D786 /* LaunchScreen.storyboard */,
				C059400228FC29220083D786 /* Info.plist */,
			);
			path = TrasicaoDeDadosEntreTelas;
			sourceTree = "<group>";
		};
		C059400C28FC2E5E0083D786 /* Tela02 */ = {
			isa = PBXGroup;
			children = (
				C059400828FC2B3C0083D786 /* Tela02VC.swift */,
				C059400A28FC2B480083D786 /* Tela02VC.storyboard */,
			);
			path = Tela02;
			sourceTree = "<group>";
		};
		C059400D28FC2E700083D786 /* Tela01 */ = {
			isa = PBXGroup;
			children = (
				C0593FF828FC29210083D786 /* ViewController.swift */,
				C0593FFA28FC29210083D786 /* Main.storyboard */,
			);
			path = Tela01;
			sourceTree = "<group>";
		};
/* End PBXGroup section */

/* Begin PBXNativeTarget section */
		C0593FF028FC29210083D786 /* TrasicaoDeDadosEntreTelas */ = {
			isa = PBXNativeTarget;
			buildConfigurationList = C059400528FC29220083D786 /* Build configuration list for PBXNativeTarget "TrasicaoDeDadosEntreTelas" */;
			buildPhases = (
				C0593FED28FC29210083D786 /* Sources */,
				C0593FEE28FC29210083D786 /* Frameworks */,
				C0593FEF28FC29210083D786 /* Resources */,
			);
			buildRules = (
			);
			dependencies = (
			);
			name = TrasicaoDeDadosEntreTelas;
			productName = TrasicaoDeDadosEntreTelas;
			productReference = C0593FF128FC29210083D786 /* TrasicaoDeDadosEntreTelas.app */;
			productType = "com.apple.product-type.application";
		};
/* End PBXNativeTarget section */

/* Begin PBXProject section */
		C0593FE928FC29210083D786 /* Project object */ = {
			isa = PBXProject;
			attributes = {
				BuildIndependentTargetsInParallel = 1;
				LastSwiftUpdateCheck = 1400;
				LastUpgradeCheck = 1400;
				TargetAttributes = {
					C0593FF028FC29210083D786 = {
						CreatedOnToolsVersion = 14.0.1;
					};
				};
			};
			buildConfigurationList = C0593FEC28FC29210083D786 /* Build configuration list for PBXProject "TrasicaoDeDadosEntreTelas" */;
			compatibilityVersion = "Xcode 14.0";
			developmentRegion = en;
			hasScannedForEncodings = 0;
			knownRegions = (
				en,
				Base,
			);
			mainGroup = C0593FE828FC29210083D786;
			productRefGroup = C0593FF228FC29210083D786 /* Products */;
			projectDirPath = "";
			projectRoot = "";
			targets = (
				C0593FF028FC29210083D786 /* TrasicaoDeDadosEntreTelas */,
			);
		};
/* End PBXProject section */

/* Begin PBXResourcesBuildPhase section */
		C0593FEF28FC29210083D786 /* Resources */ = {
			isa = PBXResourcesBuildPhase;
			buildActionMask = 2147483647;
			files = (
				C059400128FC29220083D786 /* LaunchScreen.storyboard in Resources */,
				C0593FFE28FC29220083D786 /* Assets.xcassets in Resources */,
				C0593FFC28FC29210083D786 /* Main.storyboard in Resources */,
				C059400B28FC2B480083D786 /* Tela02VC.storyboard in Resources */,
			);
			runOnlyForDeploymentPostprocessing = 0;
		};
/* End PBXResourcesBuildPhase section */

/* Begin PBXSourcesBuildPhase section */
		C0593FED28FC29210083D786 /* Sources */ = {
			isa = PBXSourcesBuildPhase;
			buildActionMask = 2147483647;
			files = (
				C0593FF928FC29210083D786 /* ViewController.swift in Sources */,
				C0593FF528FC29210083D786 /* AppDelegate.swift in Sources */,
				C059400928FC2B3C0083D786 /* Tela02VC.swift in Sources */,
				C0593FF728FC29210083D786 /* SceneDelegate.swift in Sources */,
			);
			runOnlyForDeploymentPostprocessing = 0;
		};
/* End PBXSourcesBuildPhase section */

/* Begin PBXVariantGroup section */
		C0593FFA28FC29210083D786 /* Main.storyboard */ = {
			isa = PBXVariantGroup;
			children = (
				C0593FFB28FC29210083D786 /* Base */,
			);
			name = Main.storyboard;
			sourceTree = "<group>";
		};
		C0593FFF28FC29220083D786 /* LaunchScreen.storyboard */ = {
			isa = PBXVariantGroup;
			children = (
				C059400028FC29220083D786 /* Base */,
			);
			name = LaunchScreen.storyboard;
			sourceTree = "<group>";
		};
/* End PBXVariantGroup section */

/* Begin XCBuildConfiguration section */
		C059400328FC29220083D786 /* Debug */ = {
			isa = XCBuildConfiguration;
			buildSettings = {
				ALWAYS_SEARCH_USER_PATHS = NO;
				CLANG_ANALYZER_NONNULL = YES;
				CLANG_ANALYZER_NUMBER_OBJECT_CONVERSION = YES_AGGRESSIVE;
				CLANG_CXX_LANGUAGE_STANDARD = "gnu++20";
				CLANG_ENABLE_MODULES = YES;
				CLANG_ENABLE_OBJC_ARC = YES;
				CLANG_ENABLE_OBJC_WEAK = YES;
				CLANG_WARN_BLOCK_CAPTURE_AUTORELEASING = YES;
				CLANG_WARN_BOOL_CONVERSION = YES;
				CLANG_WARN_COMMA = YES;
				CLANG_WARN_CONSTANT_CONVERSION = YES;
				CLANG_WARN_DEPRECATED_OBJC_IMPLEMENTATIONS = YES;
				CLANG_WARN_DIRECT_OBJC_ISA_USAGE = YES_ERROR;
				CLANG_WARN_DOCUMENTATION_COMMENTS = YES;
				CLANG_WARN_EMPTY_BODY = YES;
				CLANG_WARN_ENUM_CONVERSION = YES;
				CLANG_WARN_INFINITE_RECURSION = YES;
				CLANG_WARN_INT_CONVERSION = YES;
				CLANG_WARN_NON_LITERAL_NULL_CONVERSION = YES;
				CLANG_WARN_OBJC_IMPLICIT_RETAIN_SELF = YES;
				CLANG_WARN_OBJC_LITERAL_CONVERSION = YES;
				CLANG_WARN_OBJC_ROOT_CLASS = YES_ERROR;
				CLANG_WARN_QUOTED_INCLUDE_IN_FRAMEWORK_HEADER = YES;
				CLANG_WARN_RANGE_LOOP_ANALYSIS = YES;
				CLANG_WARN_STRICT_PROTOTYPES = YES;
				CLANG_WARN_SUSPICIOUS_MOVE = YES;
				CLANG_WARN_UNGUARDED_AVAILABILITY = YES_AGGRESSIVE;
				CLANG_WARN_UNREACHABLE_CODE = YES;
				CLANG_WARN__DUPLICATE_METHOD_MATCH = YES;
				COPY_PHASE_STRIP = NO;
				DEBUG_INFORMATION_FORMAT = dwarf;
				ENABLE_STRICT_OBJC_MSGSEND = YES;
				ENABLE_TESTABILITY = YES;
				GCC_C_LANGUAGE_STANDARD = gnu11;
				GCC_DYNAMIC_NO_PIC = NO;
				GCC_NO_COMMON_BLOCKS = YES;
				GCC_OPTIMIZATION_LEVEL = 0;
				GCC_PREPROCESSOR_DEFINITIONS = (
					"DEBUG=1",
					"$(inherited)",
				);
				GCC_WARN_64_TO_32_BIT_CONVERSION = YES;
				GCC_WARN_ABOUT_RETURN_TYPE = YES_ERROR;
				GCC_WARN_UNDECLARED_SELECTOR = YES;
				GCC_WARN_UNINITIALIZED_AUTOS = YES_AGGRESSIVE;
				GCC_WARN_UNUSED_FUNCTION = YES;
				GCC_WARN_UNUSED_VARIABLE = YES;
				IPHONEOS_DEPLOYMENT_TARGET = 16.0;
				MTL_ENABLE_DEBUG_INFO = INCLUDE_SOURCE;
				MTL_FAST_MATH = YES;
				ONLY_ACTIVE_ARCH = YES;
				SDKROOT = iphoneos;
				SWIFT_ACTIVE_COMPILATION_CONDITIONS = DEBUG;
				SWIFT_OPTIMIZATION_LEVEL = "-Onone";
			};
			name = Debug;
		};
		C059400428FC29220083D786 /* Release */ = {
			isa = XCBuildConfiguration;
			buildSettings = {
				ALWAYS_SEARCH_USER_PATHS = NO;
				CLANG_ANALYZER_NONNULL = YES;
				CLANG_ANALYZER_NUMBER_OBJECT_CONVERSION = YES_AGGRESSIVE;
				CLANG_CXX_LANGUAGE_STANDARD = "gnu++20";
				CLANG_ENABLE_MODULES = YES;
				CLANG_ENABLE_OBJC_ARC = YES;
				CLANG_ENABLE_OBJC_WEAK = YES;
				CLANG_WARN_BLOCK_CAPTURE_AUTORELEASING = YES;
				CLANG_WARN_BOOL_CONVERSION = YES;
				CLANG_WARN_COMMA = YES;
				CLANG_WARN_CONSTANT_CONVERSION = YES;
				CLANG_WARN_DEPRECATED_OBJC_IMPLEMENTATIONS = YES;
				CLANG_WARN_DIRECT_OBJC_ISA_USAGE = YES_ERROR;
				CLANG_WARN_DOCUMENTATION_COMMENTS = YES;
				CLANG_WARN_EMPTY_BODY = YES;
				CLANG_WARN_ENUM_CONVERSION = YES;
				CLANG_WARN_INFINITE_RECURSION = YES;
				CLANG_WARN_INT_CONVERSION = YES;
				CLANG_WARN_NON_LITERAL_NULL_CONVERSION = YES;
				CLANG_WARN_OBJC_IMPLICIT_RETAIN_SELF = YES;
				CLANG_WARN_OBJC_LITERAL_CONVERSION = YES;
				CLANG_WARN_OBJC_ROOT_CLASS = YES_ERROR;
				CLANG_WARN_QUOTED_INCLUDE_IN_FRAMEWORK_HEADER = YES;
				CLANG_WARN_RANGE_LOOP_ANALYSIS = YES;
				CLANG_WARN_STRICT_PROTOTYPES = YES;
				CLANG_WARN_SUSPICIOUS_MOVE = YES;
				CLANG_WARN_UNGUARDED_AVAILABILITY = YES_AGGRESSIVE;
				CLANG_WARN_UNREACHABLE_CODE = YES;
				CLANG_WARN__DUPLICATE_METHOD_MATCH = YES;
				COPY_PHASE_STRIP = NO;
				DEBUG_INFORMATION_FORMAT = "dwarf-with-dsym";
				ENABLE_NS_ASSERTIONS = NO;
				ENABLE_STRICT_OBJC_MSGSEND = YES;
				GCC_C_LANGUAGE_STANDARD = gnu11;
				GCC_NO_COMMON_BLOCKS = YES;
				GCC_WARN_64_TO_32_BIT_CONVERSION = YES;
				GCC_WARN_ABOUT_RETURN_TYPE = YES_ERROR;
				GCC_WARN_UNDECLARED_SELECTOR = YES;
				GCC_WARN_UNINITIALIZED_AUTOS = YES_AGGRESSIVE;
				GCC_WARN_UNUSED_FUNCTION = YES;
				GCC_WARN_UNUSED_VARIABLE = YES;
				IPHONEOS_DEPLOYMENT_TARGET = 16.0;
				MTL_ENABLE_DEBUG_INFO = NO;
				MTL_FAST_MATH = YES;
				SDKROOT = iphoneos;
				SWIFT_COMPILATION_MODE = wholemodule;
				SWIFT_OPTIMIZATION_LEVEL = "-O";
				VALIDATE_PRODUCT = YES;
			};
			name = Release;
		};
		C059400628FC29220083D786 /* Debug */ = {
			isa = XCBuildConfiguration;
			buildSettings = {
				ASSETCATALOG_COMPILER_APPICON_NAME = AppIcon;
				ASSETCATALOG_COMPILER_GLOBAL_ACCENT_COLOR_NAME = AccentColor;
				CODE_SIGN_STYLE = Automatic;
				CURRENT_PROJECT_VERSION = 1;
				DEVELOPMENT_TEAM = PK772J695M;
				GENERATE_INFOPLIST_FILE = YES;
				INFOPLIST_FILE = TrasicaoDeDadosEntreTelas/Info.plist;
				INFOPLIST_KEY_UIApplicationSupportsIndirectInputEvents = YES;
				INFOPLIST_KEY_UILaunchStoryboardName = LaunchScreen;
				INFOPLIST_KEY_UIMainStoryboardFile = Main;
				INFOPLIST_KEY_UISupportedInterfaceOrientations_iPad = "UIInterfaceOrientationPortrait UIInterfaceOrientationPortraitUpsideDown UIInterfaceOrientationLandscapeLeft UIInterfaceOrientationLandscapeRight";
				INFOPLIST_KEY_UISupportedInterfaceOrientations_iPhone = "UIInterfaceOrientationPortrait UIInterfaceOrientationLandscapeLeft UIInterfaceOrientationLandscapeRight";
				LD_RUNPATH_SEARCH_PATHS = (
					"$(inherited)",
					"@executable_path/Frameworks",
				);
				MARKETING_VERSION = 1.0;
				PRODUCT_BUNDLE_IDENTIFIER = com.GabrielRosa.TrasicaoDeDadosEntreTelas;
				PRODUCT_NAME = "$(TARGET_NAME)";
				SWIFT_EMIT_LOC_STRINGS = YES;
				SWIFT_VERSION = 5.0;
				TARGETED_DEVICE_FAMILY = "1,2";
			};
			name = Debug;
		};
		C059400728FC29220083D786 /* Release */ = {
			isa = XCBuildConfiguration;
			buildSettings = {
				ASSETCATALOG_COMPILER_APPICON_NAME = AppIcon;
				ASSETCATALOG_COMPILER_GLOBAL_ACCENT_COLOR_NAME = AccentColor;
				CODE_SIGN_STYLE = Automatic;
				CURRENT_PROJECT_VERSION = 1;
				DEVELOPMENT_TEAM = PK772J695M;
				GENERATE_INFOPLIST_FILE = YES;
				INFOPLIST_FILE = TrasicaoDeDadosEntreTelas/Info.plist;
				INFOPLIST_KEY_UIApplicationSupportsIndirectInputEvents = YES;
				INFOPLIST_KEY_UILaunchStoryboardName = LaunchScreen;
				INFOPLIST_KEY_UIMainStoryboardFile = Main;
				INFOPLIST_KEY_UISupportedInterfaceOrientations_iPad = "UIInterfaceOrientationPortrait UIInterfaceOrientationPortraitUpsideDown UIInterfaceOrientationLandscapeLeft UIInterfaceOrientationLandscapeRight";
				INFOPLIST_KEY_UISupportedInterfaceOrientations_iPhone = "UIInterfaceOrientationPortrait UIInterfaceOrientationLandscapeLeft UIInterfaceOrientationLandscapeRight";
				LD_RUNPATH_SEARCH_PATHS = (
					"$(inherited)",
					"@executable_path/Frameworks",
				);
				MARKETING_VERSION = 1.0;
				PRODUCT_BUNDLE_IDENTIFIER = com.GabrielRosa.TrasicaoDeDadosEntreTelas;
				PRODUCT_NAME = "$(TARGET_NAME)";
				SWIFT_EMIT_LOC_STRINGS = YES;
				SWIFT_VERSION = 5.0;
				TARGETED_DEVICE_FAMILY = "1,2";
			};
			name = Release;
		};
/* End XCBuildConfiguration section */

/* Begin XCConfigurationList section */
		C0593FEC28FC29210083D786 /* Build configuration list for PBXProject "TrasicaoDeDadosEntreTelas" */ = {
			isa = XCConfigurationList;
			buildConfigurations = (
				C059400328FC29220083D786 /* Debug */,
				C059400428FC29220083D786 /* Release */,
			);
			defaultConfigurationIsVisible = 0;
			defaultConfigurationName = Release;
		};
		C059400528FC29220083D786 /* Build configuration list for PBXNativeTarget "TrasicaoDeDadosEntreTelas" */ = {
			isa = XCConfigurationList;
			buildConfigurations = (
				C059400628FC29220083D786 /* Debug */,
				C059400728FC29220083D786 /* Release */,
			);
			defaultConfigurationIsVisible = 0;
			defaultConfigurationName = Release;
		};
/* End XCConfigurationList section */
	};
	rootObject = C0593FE928FC29210083D786 /* Project object */;
}
